// !$*UTF8*$!
{
	archiveVersion = 1;
	classes = {
	};
	objectVersion = 46;
	objects = {

/* Begin PBXBuildFile section */
		6F0ED6731CC4C6E40061B3C1 /* Line.swift in Sources */ = {isa = PBXBuildFile; fileRef = 6F0ED6721CC4C6E40061B3C1 /* Line.swift */; };
		6F8A8A4A1CBCF35A004F9EC0 /* LocationSearchTable.swift in Sources */ = {isa = PBXBuildFile; fileRef = 6F8A8A491CBCF35A004F9EC0 /* LocationSearchTable.swift */; };
		6F8BAEAF1CC2A59400309117 /* DrawView.swift in Sources */ = {isa = PBXBuildFile; fileRef = 6F8BAEAE1CC2A59400309117 /* DrawView.swift */; };
		6FADA8B21CD111FA0005E1C0 /* CornerAnnotation.swift in Sources */ = {isa = PBXBuildFile; fileRef = 6FADA8B11CD111FA0005E1C0 /* CornerAnnotation.swift */; };
		6FCAE8691CC8FE55009F2D6A /* ActivityCollectionViewController.swift in Sources */ = {isa = PBXBuildFile; fileRef = 6FCAE8681CC8FE55009F2D6A /* ActivityCollectionViewController.swift */; };
		6FCAE86C1CC903B0009F2D6A /* Activity.swift in Sources */ = {isa = PBXBuildFile; fileRef = 6FCAE86B1CC903B0009F2D6A /* Activity.swift */; };
		6FCFFD541CD38327003E6509 /* AdvancedController.swift in Sources */ = {isa = PBXBuildFile; fileRef = 6FCFFD531CD38327003E6509 /* AdvancedController.swift */; };
		6FCFFD561CD38340003E6509 /* SimpleController.swift in Sources */ = {isa = PBXBuildFile; fileRef = 6FCFFD551CD38340003E6509 /* SimpleController.swift */; };
		6FE811A01CC6212D00E23D3A /* DeleteAnnotation.swift in Sources */ = {isa = PBXBuildFile; fileRef = 6FE8119F1CC6212D00E23D3A /* DeleteAnnotation.swift */; };
		6FE811A21CC660CC00E23D3A /* DeleteAnnotationView.swift in Sources */ = {isa = PBXBuildFile; fileRef = 6FE811A11CC660CC00E23D3A /* DeleteAnnotationView.swift */; };
		6FEB759A1CBB837400C80EBB /* AppDelegate.swift in Sources */ = {isa = PBXBuildFile; fileRef = 6FEB75991CBB837400C80EBB /* AppDelegate.swift */; };
		6FEB759F1CBB837400C80EBB /* Main.storyboard in Resources */ = {isa = PBXBuildFile; fileRef = 6FEB759D1CBB837400C80EBB /* Main.storyboard */; };
		6FEB75A11CBB837400C80EBB /* Assets.xcassets in Resources */ = {isa = PBXBuildFile; fileRef = 6FEB75A01CBB837400C80EBB /* Assets.xcassets */; };
		6FEB75A41CBB837400C80EBB /* LaunchScreen.storyboard in Resources */ = {isa = PBXBuildFile; fileRef = 6FEB75A21CBB837400C80EBB /* LaunchScreen.storyboard */; };
		6FEB75AF1CBB837400C80EBB /* WeatherTracker_IOSTests.swift in Sources */ = {isa = PBXBuildFile; fileRef = 6FEB75AE1CBB837400C80EBB /* WeatherTracker_IOSTests.swift */; };
		6FEB75BA1CBB837400C80EBB /* WeatherTracker_IOSUITests.swift in Sources */ = {isa = PBXBuildFile; fileRef = 6FEB75B91CBB837400C80EBB /* WeatherTracker_IOSUITests.swift */; };
		6FEB75C81CBBD15400C80EBB /* MapKit.framework in Frameworks */ = {isa = PBXBuildFile; fileRef = 6FEB75C71CBBD15400C80EBB /* MapKit.framework */; };
		6FEB75CA1CBBD5E400C80EBB /* MapViewControlerViewController.swift in Sources */ = {isa = PBXBuildFile; fileRef = 6FEB75C91CBBD5E400C80EBB /* MapViewControlerViewController.swift */; };
		6FFED5081CD0A83C00C76E00 /* ContainsCoordinate.swift in Sources */ = {isa = PBXBuildFile; fileRef = 6FFED5071CD0A83C00C76E00 /* ContainsCoordinate.swift */; };
		E14216591CD783230017B5CA /* DateViewController.swift in Sources */ = {isa = PBXBuildFile; fileRef = E14216581CD783230017B5CA /* DateViewController.swift */; };
		E142165B1CD7840B0017B5CA /* SlideMenu.swift in Sources */ = {isa = PBXBuildFile; fileRef = E142165A1CD7840B0017B5CA /* SlideMenu.swift */; };
		E1C153CD1CDA08DF00255663 /* AdvancedDateViewController.swift in Sources */ = {isa = PBXBuildFile; fileRef = E1C153CC1CDA08DF00255663 /* AdvancedDateViewController.swift */; };
/* End PBXBuildFile section */

/* Begin PBXContainerItemProxy section */
		6FEB75AB1CBB837400C80EBB /* PBXContainerItemProxy */ = {
			isa = PBXContainerItemProxy;
			containerPortal = 6FEB758E1CBB837400C80EBB /* Project object */;
			proxyType = 1;
			remoteGlobalIDString = 6FEB75951CBB837400C80EBB;
			remoteInfo = WeatherTracker_IOS;
		};
		6FEB75B61CBB837400C80EBB /* PBXContainerItemProxy */ = {
			isa = PBXContainerItemProxy;
			containerPortal = 6FEB758E1CBB837400C80EBB /* Project object */;
			proxyType = 1;
			remoteGlobalIDString = 6FEB75951CBB837400C80EBB;
			remoteInfo = WeatherTracker_IOS;
		};
/* End PBXContainerItemProxy section */

/* Begin PBXFileReference section */
		6F0ED6721CC4C6E40061B3C1 /* Line.swift */ = {isa = PBXFileReference; fileEncoding = 4; lastKnownFileType = sourcecode.swift; path = Line.swift; sourceTree = "<group>"; };
		6F8A8A491CBCF35A004F9EC0 /* LocationSearchTable.swift */ = {isa = PBXFileReference; fileEncoding = 4; lastKnownFileType = sourcecode.swift; path = LocationSearchTable.swift; sourceTree = "<group>"; };
		6F8BAEAE1CC2A59400309117 /* DrawView.swift */ = {isa = PBXFileReference; fileEncoding = 4; lastKnownFileType = sourcecode.swift; path = DrawView.swift; sourceTree = "<group>"; };
		6FADA8B11CD111FA0005E1C0 /* CornerAnnotation.swift */ = {isa = PBXFileReference; fileEncoding = 4; lastKnownFileType = sourcecode.swift; path = CornerAnnotation.swift; sourceTree = "<group>"; };
		6FCAE8681CC8FE55009F2D6A /* ActivityCollectionViewController.swift */ = {isa = PBXFileReference; fileEncoding = 4; lastKnownFileType = sourcecode.swift; path = ActivityCollectionViewController.swift; sourceTree = "<group>"; };
		6FCAE86B1CC903B0009F2D6A /* Activity.swift */ = {isa = PBXFileReference; fileEncoding = 4; lastKnownFileType = sourcecode.swift; path = Activity.swift; sourceTree = "<group>"; };
		6FCFFD531CD38327003E6509 /* AdvancedController.swift */ = {isa = PBXFileReference; fileEncoding = 4; lastKnownFileType = sourcecode.swift; path = AdvancedController.swift; sourceTree = "<group>"; };
		6FCFFD551CD38340003E6509 /* SimpleController.swift */ = {isa = PBXFileReference; fileEncoding = 4; lastKnownFileType = sourcecode.swift; path = SimpleController.swift; sourceTree = "<group>"; };
		6FE8119F1CC6212D00E23D3A /* DeleteAnnotation.swift */ = {isa = PBXFileReference; fileEncoding = 4; lastKnownFileType = sourcecode.swift; path = DeleteAnnotation.swift; sourceTree = "<group>"; };
		6FE811A11CC660CC00E23D3A /* DeleteAnnotationView.swift */ = {isa = PBXFileReference; fileEncoding = 4; lastKnownFileType = sourcecode.swift; path = DeleteAnnotationView.swift; sourceTree = "<group>"; };
		6FEB75961CBB837400C80EBB /* WeatherTracker_IOS.app */ = {isa = PBXFileReference; explicitFileType = wrapper.application; includeInIndex = 0; path = WeatherTracker_IOS.app; sourceTree = BUILT_PRODUCTS_DIR; };
		6FEB75991CBB837400C80EBB /* AppDelegate.swift */ = {isa = PBXFileReference; lastKnownFileType = sourcecode.swift; path = AppDelegate.swift; sourceTree = "<group>"; };
		6FEB759E1CBB837400C80EBB /* Base */ = {isa = PBXFileReference; lastKnownFileType = file.storyboard; name = Base; path = Base.lproj/Main.storyboard; sourceTree = "<group>"; };
		6FEB75A01CBB837400C80EBB /* Assets.xcassets */ = {isa = PBXFileReference; lastKnownFileType = folder.assetcatalog; path = Assets.xcassets; sourceTree = "<group>"; };
		6FEB75A31CBB837400C80EBB /* Base */ = {isa = PBXFileReference; lastKnownFileType = file.storyboard; name = Base; path = Base.lproj/LaunchScreen.storyboard; sourceTree = "<group>"; };
		6FEB75A51CBB837400C80EBB /* Info.plist */ = {isa = PBXFileReference; lastKnownFileType = text.plist.xml; path = Info.plist; sourceTree = "<group>"; };
		6FEB75AA1CBB837400C80EBB /* WeatherTracker_IOSTests.xctest */ = {isa = PBXFileReference; explicitFileType = wrapper.cfbundle; includeInIndex = 0; path = WeatherTracker_IOSTests.xctest; sourceTree = BUILT_PRODUCTS_DIR; };
		6FEB75AE1CBB837400C80EBB /* WeatherTracker_IOSTests.swift */ = {isa = PBXFileReference; lastKnownFileType = sourcecode.swift; path = WeatherTracker_IOSTests.swift; sourceTree = "<group>"; };
		6FEB75B01CBB837400C80EBB /* Info.plist */ = {isa = PBXFileReference; lastKnownFileType = text.plist.xml; path = Info.plist; sourceTree = "<group>"; };
		6FEB75B51CBB837400C80EBB /* WeatherTracker_IOSUITests.xctest */ = {isa = PBXFileReference; explicitFileType = wrapper.cfbundle; includeInIndex = 0; path = WeatherTracker_IOSUITests.xctest; sourceTree = BUILT_PRODUCTS_DIR; };
		6FEB75B91CBB837400C80EBB /* WeatherTracker_IOSUITests.swift */ = {isa = PBXFileReference; lastKnownFileType = sourcecode.swift; path = WeatherTracker_IOSUITests.swift; sourceTree = "<group>"; };
		6FEB75BB1CBB837400C80EBB /* Info.plist */ = {isa = PBXFileReference; lastKnownFileType = text.plist.xml; path = Info.plist; sourceTree = "<group>"; };
		6FEB75C71CBBD15400C80EBB /* MapKit.framework */ = {isa = PBXFileReference; lastKnownFileType = wrapper.framework; name = MapKit.framework; path = System/Library/Frameworks/MapKit.framework; sourceTree = SDKROOT; };
		6FEB75C91CBBD5E400C80EBB /* MapViewControlerViewController.swift */ = {isa = PBXFileReference; fileEncoding = 4; lastKnownFileType = sourcecode.swift; path = MapViewControlerViewController.swift; sourceTree = "<group>"; };
		6FFED5071CD0A83C00C76E00 /* ContainsCoordinate.swift */ = {isa = PBXFileReference; fileEncoding = 4; lastKnownFileType = sourcecode.swift; path = ContainsCoordinate.swift; sourceTree = "<group>"; };
		E14216581CD783230017B5CA /* DateViewController.swift */ = {isa = PBXFileReference; fileEncoding = 4; lastKnownFileType = sourcecode.swift; path = DateViewController.swift; sourceTree = "<group>"; };
		E142165A1CD7840B0017B5CA /* SlideMenu.swift */ = {isa = PBXFileReference; fileEncoding = 4; lastKnownFileType = sourcecode.swift; path = SlideMenu.swift; sourceTree = "<group>"; };
		E1C153CC1CDA08DF00255663 /* AdvancedDateViewController.swift */ = {isa = PBXFileReference; fileEncoding = 4; lastKnownFileType = sourcecode.swift; path = AdvancedDateViewController.swift; sourceTree = "<group>"; };
/* End PBXFileReference section */

/* Begin PBXFrameworksBuildPhase section */
		6FEB75931CBB837400C80EBB /* Frameworks */ = {
			isa = PBXFrameworksBuildPhase;
			buildActionMask = 2147483647;
			files = (
				6FEB75C81CBBD15400C80EBB /* MapKit.framework in Frameworks */,
			);
			runOnlyForDeploymentPostprocessing = 0;
		};
		6FEB75A71CBB837400C80EBB /* Frameworks */ = {
			isa = PBXFrameworksBuildPhase;
			buildActionMask = 2147483647;
			files = (
			);
			runOnlyForDeploymentPostprocessing = 0;
		};
		6FEB75B21CBB837400C80EBB /* Frameworks */ = {
			isa = PBXFrameworksBuildPhase;
			buildActionMask = 2147483647;
			files = (
			);
			runOnlyForDeploymentPostprocessing = 0;
		};
/* End PBXFrameworksBuildPhase section */

/* Begin PBXGroup section */
		6F0ED6711CC4C69F0061B3C1 /* Draw */ = {
			isa = PBXGroup;
			children = (
				6F8BAEAE1CC2A59400309117 /* DrawView.swift */,
				6F0ED6721CC4C6E40061B3C1 /* Line.swift */,
				6FAE43BD1CC7B18C00A41DFF /* DeleteButton */,
			);
			name = Draw;
			sourceTree = "<group>";
		};
		6F8A8A4B1CBCF36D004F9EC0 /* MapView */ = {
			isa = PBXGroup;
			children = (
				6FEB75C91CBBD5E400C80EBB /* MapViewControlerViewController.swift */,
				6F8A8A491CBCF35A004F9EC0 /* LocationSearchTable.swift */,
			);
			name = MapView;
			sourceTree = "<group>";
		};
		6F8A8A881CBD5164004F9EC0 /* Delegate */ = {
			isa = PBXGroup;
			children = (
				6FEB75991CBB837400C80EBB /* AppDelegate.swift */,
			);
			name = Delegate;
			sourceTree = "<group>";
		};
		6FAE43BD1CC7B18C00A41DFF /* DeleteButton */ = {
			isa = PBXGroup;
			children = (
				6FE8119F1CC6212D00E23D3A /* DeleteAnnotation.swift */,
				6FADA8B11CD111FA0005E1C0 /* CornerAnnotation.swift */,
				6FE811A11CC660CC00E23D3A /* DeleteAnnotationView.swift */,
			);
			name = DeleteButton;
			sourceTree = "<group>";
		};
		6FCAE86A1CC8FE5B009F2D6A /* ActivityView */ = {
			isa = PBXGroup;
			children = (
				6FCAE8681CC8FE55009F2D6A /* ActivityCollectionViewController.swift */,
				6FCAE86B1CC903B0009F2D6A /* Activity.swift */,
			);
			name = ActivityView;
			sourceTree = "<group>";
		};
		6FCFFD511CD382EC003E6509 /* Enkel View */ = {
			isa = PBXGroup;
			children = (
				6FCFFD551CD38340003E6509 /* SimpleController.swift */,
				E142165A1CD7840B0017B5CA /* SlideMenu.swift */,
				E14216581CD783230017B5CA /* DateViewController.swift */,
			);
			name = "Enkel View";
			sourceTree = "<group>";
		};
		6FCFFD521CD382F9003E6509 /* Avancerad View */ = {
			isa = PBXGroup;
			children = (
				6FCFFD531CD38327003E6509 /* AdvancedController.swift */,
				E1C153CC1CDA08DF00255663 /* AdvancedDateViewController.swift */,
			);
			name = "Avancerad View";
			sourceTree = "<group>";
		};
		6FEB758D1CBB837400C80EBB = {
			isa = PBXGroup;
			children = (
				6FEB75C71CBBD15400C80EBB /* MapKit.framework */,
				6FEB75981CBB837400C80EBB /* WeatherTracker_IOS */,
				6FEB75AD1CBB837400C80EBB /* WeatherTracker_IOSTests */,
				6FEB75B81CBB837400C80EBB /* WeatherTracker_IOSUITests */,
				6FEB75971CBB837400C80EBB /* Products */,
			);
			sourceTree = "<group>";
		};
		6FEB75971CBB837400C80EBB /* Products */ = {
			isa = PBXGroup;
			children = (
				6FEB75961CBB837400C80EBB /* WeatherTracker_IOS.app */,
				6FEB75AA1CBB837400C80EBB /* WeatherTracker_IOSTests.xctest */,
				6FEB75B51CBB837400C80EBB /* WeatherTracker_IOSUITests.xctest */,
			);
			name = Products;
			sourceTree = "<group>";
		};
		6FEB75981CBB837400C80EBB /* WeatherTracker_IOS */ = {
			isa = PBXGroup;
			children = (
				6FCFFD521CD382F9003E6509 /* Avancerad View */,
				6FCFFD511CD382EC003E6509 /* Enkel View */,
				6FFED5061CD0A80300C76E00 /* Algorithms */,
				6FCAE86A1CC8FE5B009F2D6A /* ActivityView */,
				6F8A8A881CBD5164004F9EC0 /* Delegate */,
				6F8A8A4B1CBCF36D004F9EC0 /* MapView */,
				6F0ED6711CC4C69F0061B3C1 /* Draw */,
				6FEB759D1CBB837400C80EBB /* Main.storyboard */,
				6FEB75A01CBB837400C80EBB /* Assets.xcassets */,
				6FEB75A21CBB837400C80EBB /* LaunchScreen.storyboard */,
				6FEB75A51CBB837400C80EBB /* Info.plist */,
			);
			path = WeatherTracker_IOS;
			sourceTree = "<group>";
		};
		6FEB75AD1CBB837400C80EBB /* WeatherTracker_IOSTests */ = {
			isa = PBXGroup;
			children = (
				6FEB75AE1CBB837400C80EBB /* WeatherTracker_IOSTests.swift */,
				6FEB75B01CBB837400C80EBB /* Info.plist */,
			);
			path = WeatherTracker_IOSTests;
			sourceTree = "<group>";
		};
		6FEB75B81CBB837400C80EBB /* WeatherTracker_IOSUITests */ = {
			isa = PBXGroup;
			children = (
				6FEB75B91CBB837400C80EBB /* WeatherTracker_IOSUITests.swift */,
				6FEB75BB1CBB837400C80EBB /* Info.plist */,
			);
			path = WeatherTracker_IOSUITests;
			sourceTree = "<group>";
		};
		6FFED5061CD0A80300C76E00 /* Algorithms */ = {
			isa = PBXGroup;
			children = (
				6FFED5071CD0A83C00C76E00 /* ContainsCoordinate.swift */,
			);
			name = Algorithms;
			sourceTree = "<group>";
		};
/* End PBXGroup section */

/* Begin PBXNativeTarget section */
		6FEB75951CBB837400C80EBB /* WeatherTracker_IOS */ = {
			isa = PBXNativeTarget;
			buildConfigurationList = 6FEB75BE1CBB837400C80EBB /* Build configuration list for PBXNativeTarget "WeatherTracker_IOS" */;
			buildPhases = (
				6FEB75921CBB837400C80EBB /* Sources */,
				6FEB75931CBB837400C80EBB /* Frameworks */,
				6FEB75941CBB837400C80EBB /* Resources */,
			);
			buildRules = (
			);
			dependencies = (
			);
			name = WeatherTracker_IOS;
			productName = WeatherTracker_IOS;
			productReference = 6FEB75961CBB837400C80EBB /* WeatherTracker_IOS.app */;
			productType = "com.apple.product-type.application";
		};
		6FEB75A91CBB837400C80EBB /* WeatherTracker_IOSTests */ = {
			isa = PBXNativeTarget;
			buildConfigurationList = 6FEB75C11CBB837400C80EBB /* Build configuration list for PBXNativeTarget "WeatherTracker_IOSTests" */;
			buildPhases = (
				6FEB75A61CBB837400C80EBB /* Sources */,
				6FEB75A71CBB837400C80EBB /* Frameworks */,
				6FEB75A81CBB837400C80EBB /* Resources */,
			);
			buildRules = (
			);
			dependencies = (
				6FEB75AC1CBB837400C80EBB /* PBXTargetDependency */,
			);
			name = WeatherTracker_IOSTests;
			productName = WeatherTracker_IOSTests;
			productReference = 6FEB75AA1CBB837400C80EBB /* WeatherTracker_IOSTests.xctest */;
			productType = "com.apple.product-type.bundle.unit-test";
		};
		6FEB75B41CBB837400C80EBB /* WeatherTracker_IOSUITests */ = {
			isa = PBXNativeTarget;
			buildConfigurationList = 6FEB75C41CBB837400C80EBB /* Build configuration list for PBXNativeTarget "WeatherTracker_IOSUITests" */;
			buildPhases = (
				6FEB75B11CBB837400C80EBB /* Sources */,
				6FEB75B21CBB837400C80EBB /* Frameworks */,
				6FEB75B31CBB837400C80EBB /* Resources */,
			);
			buildRules = (
			);
			dependencies = (
				6FEB75B71CBB837400C80EBB /* PBXTargetDependency */,
			);
			name = WeatherTracker_IOSUITests;
			productName = WeatherTracker_IOSUITests;
			productReference = 6FEB75B51CBB837400C80EBB /* WeatherTracker_IOSUITests.xctest */;
			productType = "com.apple.product-type.bundle.ui-testing";
		};
/* End PBXNativeTarget section */

/* Begin PBXProject section */
		6FEB758E1CBB837400C80EBB /* Project object */ = {
			isa = PBXProject;
			attributes = {
				LastSwiftUpdateCheck = 0720;
				LastUpgradeCheck = 0720;
				ORGANIZATIONNAME = Gustav;
				TargetAttributes = {
					6FEB75951CBB837400C80EBB = {
						CreatedOnToolsVersion = 7.2.1;
						DevelopmentTeam = AQTTH8AH3D;
						SystemCapabilities = {
							com.apple.Maps.iOS = {
								enabled = 1;
							};
						};
					};
					6FEB75A91CBB837400C80EBB = {
						CreatedOnToolsVersion = 7.2.1;
						TestTargetID = 6FEB75951CBB837400C80EBB;
					};
					6FEB75B41CBB837400C80EBB = {
						CreatedOnToolsVersion = 7.2.1;
						TestTargetID = 6FEB75951CBB837400C80EBB;
					};
				};
			};
			buildConfigurationList = 6FEB75911CBB837400C80EBB /* Build configuration list for PBXProject "WeatherTracker_IOS" */;
			compatibilityVersion = "Xcode 3.2";
			developmentRegion = English;
			hasScannedForEncodings = 0;
			knownRegions = (
				en,
				Base,
			);
			mainGroup = 6FEB758D1CBB837400C80EBB;
			productRefGroup = 6FEB75971CBB837400C80EBB /* Products */;
			projectDirPath = "";
			projectRoot = "";
			targets = (
				6FEB75951CBB837400C80EBB /* WeatherTracker_IOS */,
				6FEB75A91CBB837400C80EBB /* WeatherTracker_IOSTests */,
				6FEB75B41CBB837400C80EBB /* WeatherTracker_IOSUITests */,
			);
		};
/* End PBXProject section */

/* Begin PBXResourcesBuildPhase section */
		6FEB75941CBB837400C80EBB /* Resources */ = {
			isa = PBXResourcesBuildPhase;
			buildActionMask = 2147483647;
			files = (
				6FEB75A41CBB837400C80EBB /* LaunchScreen.storyboard in Resources */,
				6FEB75A11CBB837400C80EBB /* Assets.xcassets in Resources */,
				6FEB759F1CBB837400C80EBB /* Main.storyboard in Resources */,
			);
			runOnlyForDeploymentPostprocessing = 0;
		};
		6FEB75A81CBB837400C80EBB /* Resources */ = {
			isa = PBXResourcesBuildPhase;
			buildActionMask = 2147483647;
			files = (
			);
			runOnlyForDeploymentPostprocessing = 0;
		};
		6FEB75B31CBB837400C80EBB /* Resources */ = {
			isa = PBXResourcesBuildPhase;
			buildActionMask = 2147483647;
			files = (
			);
			runOnlyForDeploymentPostprocessing = 0;
		};
/* End PBXResourcesBuildPhase section */

/* Begin PBXSourcesBuildPhase section */
		6FEB75921CBB837400C80EBB /* Sources */ = {
			isa = PBXSourcesBuildPhase;
			buildActionMask = 2147483647;
			files = (
				6FEB75CA1CBBD5E400C80EBB /* MapViewControlerViewController.swift in Sources */,
				6FCFFD541CD38327003E6509 /* AdvancedController.swift in Sources */,
				E14216591CD783230017B5CA /* DateViewController.swift in Sources */,
				6FCAE8691CC8FE55009F2D6A /* ActivityCollectionViewController.swift in Sources */,
				6FADA8B21CD111FA0005E1C0 /* CornerAnnotation.swift in Sources */,
				6FEB759A1CBB837400C80EBB /* AppDelegate.swift in Sources */,
				6F8BAEAF1CC2A59400309117 /* DrawView.swift in Sources */,
				6FE811A01CC6212D00E23D3A /* DeleteAnnotation.swift in Sources */,
				6FFED5081CD0A83C00C76E00 /* ContainsCoordinate.swift in Sources */,
				6FCFFD561CD38340003E6509 /* SimpleController.swift in Sources */,
				6FE811A21CC660CC00E23D3A /* DeleteAnnotationView.swift in Sources */,
				6FCAE86C1CC903B0009F2D6A /* Activity.swift in Sources */,
				E1C153CD1CDA08DF00255663 /* AdvancedDateViewController.swift in Sources */,
				6F8A8A4A1CBCF35A004F9EC0 /* LocationSearchTable.swift in Sources */,
				6F0ED6731CC4C6E40061B3C1 /* Line.swift in Sources */,
				E142165B1CD7840B0017B5CA /* SlideMenu.swift in Sources */,
			);
			runOnlyForDeploymentPostprocessing = 0;
		};
		6FEB75A61CBB837400C80EBB /* Sources */ = {
			isa = PBXSourcesBuildPhase;
			buildActionMask = 2147483647;
			files = (
				6FEB75AF1CBB837400C80EBB /* WeatherTracker_IOSTests.swift in Sources */,
			);
			runOnlyForDeploymentPostprocessing = 0;
		};
		6FEB75B11CBB837400C80EBB /* Sources */ = {
			isa = PBXSourcesBuildPhase;
			buildActionMask = 2147483647;
			files = (
				6FEB75BA1CBB837400C80EBB /* WeatherTracker_IOSUITests.swift in Sources */,
			);
			runOnlyForDeploymentPostprocessing = 0;
		};
/* End PBXSourcesBuildPhase section */

/* Begin PBXTargetDependency section */
		6FEB75AC1CBB837400C80EBB /* PBXTargetDependency */ = {
			isa = PBXTargetDependency;
			target = 6FEB75951CBB837400C80EBB /* WeatherTracker_IOS */;
			targetProxy = 6FEB75AB1CBB837400C80EBB /* PBXContainerItemProxy */;
		};
		6FEB75B71CBB837400C80EBB /* PBXTargetDependency */ = {
			isa = PBXTargetDependency;
			target = 6FEB75951CBB837400C80EBB /* WeatherTracker_IOS */;
			targetProxy = 6FEB75B61CBB837400C80EBB /* PBXContainerItemProxy */;
		};
/* End PBXTargetDependency section */

/* Begin PBXVariantGroup section */
		6FEB759D1CBB837400C80EBB /* Main.storyboard */ = {
			isa = PBXVariantGroup;
			children = (
				6FEB759E1CBB837400C80EBB /* Base */,
			);
			name = Main.storyboard;
			sourceTree = "<group>";
		};
		6FEB75A21CBB837400C80EBB /* LaunchScreen.storyboard */ = {
			isa = PBXVariantGroup;
			children = (
				6FEB75A31CBB837400C80EBB /* Base */,
			);
			name = LaunchScreen.storyboard;
			sourceTree = "<group>";
		};
/* End PBXVariantGroup section */

/* Begin XCBuildConfiguration section */
		6FEB75BC1CBB837400C80EBB /* Debug */ = {
			isa = XCBuildConfiguration;
			buildSettings = {
				ALWAYS_SEARCH_USER_PATHS = NO;
				CLANG_CXX_LANGUAGE_STANDARD = "gnu++0x";
				CLANG_CXX_LIBRARY = "libc++";
				CLANG_ENABLE_MODULES = YES;
				CLANG_ENABLE_OBJC_ARC = YES;
				CLANG_WARN_BOOL_CONVERSION = YES;
				CLANG_WARN_CONSTANT_CONVERSION = YES;
				CLANG_WARN_DIRECT_OBJC_ISA_USAGE = YES_ERROR;
				CLANG_WARN_EMPTY_BODY = YES;
				CLANG_WARN_ENUM_CONVERSION = YES;
				CLANG_WARN_INT_CONVERSION = YES;
				CLANG_WARN_OBJC_ROOT_CLASS = YES_ERROR;
				CLANG_WARN_UNREACHABLE_CODE = YES;
				CLANG_WARN__DUPLICATE_METHOD_MATCH = YES;
				"CODE_SIGN_IDENTITY[sdk=iphoneos*]" = "iPhone Developer";
				COPY_PHASE_STRIP = NO;
				DEBUG_INFORMATION_FORMAT = dwarf;
				ENABLE_STRICT_OBJC_MSGSEND = YES;
				ENABLE_TESTABILITY = YES;
				GCC_C_LANGUAGE_STANDARD = gnu99;
				GCC_DYNAMIC_NO_PIC = NO;
				GCC_NO_COMMON_BLOCKS = YES;
				GCC_OPTIMIZATION_LEVEL = 0;
				GCC_PREPROCESSOR_DEFINITIONS = (
					"DEBUG=1",
					"$(inherited)",
				);
				GCC_WARN_64_TO_32_BIT_CONVERSION = YES;
				GCC_WARN_ABOUT_RETURN_TYPE = YES_ERROR;
				GCC_WARN_UNDECLARED_SELECTOR = YES;
				GCC_WARN_UNINITIALIZED_AUTOS = YES_AGGRESSIVE;
				GCC_WARN_UNUSED_FUNCTION = YES;
				GCC_WARN_UNUSED_VARIABLE = YES;
				IPHONEOS_DEPLOYMENT_TARGET = 9.2;
				MTL_ENABLE_DEBUG_INFO = YES;
				ONLY_ACTIVE_ARCH = YES;
				SDKROOT = iphoneos;
				SWIFT_OPTIMIZATION_LEVEL = "-Onone";
				TARGETED_DEVICE_FAMILY = "1,2";
			};
			name = Debug;
		};
		6FEB75BD1CBB837400C80EBB /* Release */ = {
			isa = XCBuildConfiguration;
			buildSettings = {
				ALWAYS_SEARCH_USER_PATHS = NO;
				CLANG_CXX_LANGUAGE_STANDARD = "gnu++0x";
				CLANG_CXX_LIBRARY = "libc++";
				CLANG_ENABLE_MODULES = YES;
				CLANG_ENABLE_OBJC_ARC = YES;
				CLANG_WARN_BOOL_CONVERSION = YES;
				CLANG_WARN_CONSTANT_CONVERSION = YES;
				CLANG_WARN_DIRECT_OBJC_ISA_USAGE = YES_ERROR;
				CLANG_WARN_EMPTY_BODY = YES;
				CLANG_WARN_ENUM_CONVERSION = YES;
				CLANG_WARN_INT_CONVERSION = YES;
				CLANG_WARN_OBJC_ROOT_CLASS = YES_ERROR;
				CLANG_WARN_UNREACHABLE_CODE = YES;
				CLANG_WARN__DUPLICATE_METHOD_MATCH = YES;
				"CODE_SIGN_IDENTITY[sdk=iphoneos*]" = "iPhone Developer";
				COPY_PHASE_STRIP = NO;
				DEBUG_INFORMATION_FORMAT = "dwarf-with-dsym";
				ENABLE_NS_ASSERTIONS = NO;
				ENABLE_STRICT_OBJC_MSGSEND = YES;
				GCC_C_LANGUAGE_STANDARD = gnu99;
				GCC_NO_COMMON_BLOCKS = YES;
				GCC_WARN_64_TO_32_BIT_CONVERSION = YES;
				GCC_WARN_ABOUT_RETURN_TYPE = YES_ERROR;
				GCC_WARN_UNDECLARED_SELECTOR = YES;
				GCC_WARN_UNINITIALIZED_AUTOS = YES_AGGRESSIVE;
				GCC_WARN_UNUSED_FUNCTION = YES;
				GCC_WARN_UNUSED_VARIABLE = YES;
				IPHONEOS_DEPLOYMENT_TARGET = 9.2;
				MTL_ENABLE_DEBUG_INFO = NO;
				SDKROOT = iphoneos;
				TARGETED_DEVICE_FAMILY = "1,2";
				VALIDATE_PRODUCT = YES;
			};
			name = Release;
		};
		6FEB75BF1CBB837400C80EBB /* Debug */ = {
			isa = XCBuildConfiguration;
			buildSettings = {
				ASSETCATALOG_COMPILER_APPICON_NAME = AppIcon;
				CODE_SIGN_IDENTITY = "iPhone Developer";
				"CODE_SIGN_IDENTITY[sdk=iphoneos*]" = "iPhone Developer";
				INFOPLIST_FILE = WeatherTracker_IOS/Info.plist;
				IPHONEOS_DEPLOYMENT_TARGET = 9.2;
				LD_RUNPATH_SEARCH_PATHS = "$(inherited) @executable_path/Frameworks";
				PRODUCT_BUNDLE_IDENTIFIER = "weatherTracker.WeatherTracker-IOS";
				PRODUCT_NAME = "$(TARGET_NAME)";
				PROVISIONING_PROFILE = "";
			};
			name = Debug;
		};
		6FEB75C01CBB837400C80EBB /* Release */ = {
			isa = XCBuildConfiguration;
			buildSettings = {
				ASSETCATALOG_COMPILER_APPICON_NAME = AppIcon;
				CODE_SIGN_IDENTITY = "iPhone Developer";
				"CODE_SIGN_IDENTITY[sdk=iphoneos*]" = "iPhone Developer";
				INFOPLIST_FILE = WeatherTracker_IOS/Info.plist;
				IPHONEOS_DEPLOYMENT_TARGET = 9.2;
				LD_RUNPATH_SEARCH_PATHS = "$(inherited) @executable_path/Frameworks";
				PRODUCT_BUNDLE_IDENTIFIER = "weatherTracker.WeatherTracker-IOS";
				PRODUCT_NAME = "$(TARGET_NAME)";
				PROVISIONING_PROFILE = "";
			};
			name = Release;
		};
		6FEB75C21CBB837400C80EBB /* Debug */ = {
			isa = XCBuildConfiguration;
			buildSettings = {
				BUNDLE_LOADER = "$(TEST_HOST)";
				INFOPLIST_FILE = WeatherTracker_IOSTests/Info.plist;
				LD_RUNPATH_SEARCH_PATHS = "$(inherited) @executable_path/Frameworks @loader_path/Frameworks";
				PRODUCT_BUNDLE_IDENTIFIER = "weatherTracker.WeatherTracker-IOSTests";
				PRODUCT_NAME = "$(TARGET_NAME)";
				TEST_HOST = "$(BUILT_PRODUCTS_DIR)/WeatherTracker_IOS.app/WeatherTracker_IOS";
			};
			name = Debug;
		};
		6FEB75C31CBB837400C80EBB /* Release */ = {
			isa = XCBuildConfiguration;
			buildSettings = {
				BUNDLE_LOADER = "$(TEST_HOST)";
				INFOPLIST_FILE = WeatherTracker_IOSTests/Info.plist;
				LD_RUNPATH_SEARCH_PATHS = "$(inherited) @executable_path/Frameworks @loader_path/Frameworks";
				PRODUCT_BUNDLE_IDENTIFIER = "weatherTracker.WeatherTracker-IOSTests";
				PRODUCT_NAME = "$(TARGET_NAME)";
				TEST_HOST = "$(BUILT_PRODUCTS_DIR)/WeatherTracker_IOS.app/WeatherTracker_IOS";
			};
			name = Release;
		};
		6FEB75C51CBB837400C80EBB /* Debug */ = {
			isa = XCBuildConfiguration;
			buildSettings = {
				INFOPLIST_FILE = WeatherTracker_IOSUITests/Info.plist;
				LD_RUNPATH_SEARCH_PATHS = "$(inherited) @executable_path/Frameworks @loader_path/Frameworks";
				PRODUCT_BUNDLE_IDENTIFIER = "weatherTracker.WeatherTracker-IOSUITests";
				PRODUCT_NAME = "$(TARGET_NAME)";
				TEST_TARGET_NAME = WeatherTracker_IOS;
				USES_XCTRUNNER = YES;
			};
			name = Debug;
		};
		6FEB75C61CBB837400C80EBB /* Release */ = {
			isa = XCBuildConfiguration;
			buildSettings = {
				INFOPLIST_FILE = WeatherTracker_IOSUITests/Info.plist;
				LD_RUNPATH_SEARCH_PATHS = "$(inherited) @executable_path/Frameworks @loader_path/Frameworks";
				PRODUCT_BUNDLE_IDENTIFIER = "weatherTracker.WeatherTracker-IOSUITests";
				PRODUCT_NAME = "$(TARGET_NAME)";
				TEST_TARGET_NAME = WeatherTracker_IOS;
				USES_XCTRUNNER = YES;
			};
			name = Release;
		};
/* End XCBuildConfiguration section */

/* Begin XCConfigurationList section */
		6FEB75911CBB837400C80EBB /* Build configuration list for PBXProject "WeatherTracker_IOS" */ = {
			isa = XCConfigurationList;
			buildConfigurations = (
				6FEB75BC1CBB837400C80EBB /* Debug */,
				6FEB75BD1CBB837400C80EBB /* Release */,
			);
			defaultConfigurationIsVisible = 0;
			defaultConfigurationName = Release;
		};
		6FEB75BE1CBB837400C80EBB /* Build configuration list for PBXNativeTarget "WeatherTracker_IOS" */ = {
			isa = XCConfigurationList;
			buildConfigurations = (
				6FEB75BF1CBB837400C80EBB /* Debug */,
				6FEB75C01CBB837400C80EBB /* Release */,
			);
			defaultConfigurationIsVisible = 0;
			defaultConfigurationName = Release;
		};
		6FEB75C11CBB837400C80EBB /* Build configuration list for PBXNativeTarget "WeatherTracker_IOSTests" */ = {
			isa = XCConfigurationList;
			buildConfigurations = (
				6FEB75C21CBB837400C80EBB /* Debug */,
				6FEB75C31CBB837400C80EBB /* Release */,
			);
			defaultConfigurationIsVisible = 0;
			defaultConfigurationName = Release;
		};
		6FEB75C41CBB837400C80EBB /* Build configuration list for PBXNativeTarget "WeatherTracker_IOSUITests" */ = {
			isa = XCConfigurationList;
			buildConfigurations = (
				6FEB75C51CBB837400C80EBB /* Debug */,
				6FEB75C61CBB837400C80EBB /* Release */,
			);
			defaultConfigurationIsVisible = 0;
			defaultConfigurationName = Release;
		};
/* End XCConfigurationList section */
	};
	rootObject = 6FEB758E1CBB837400C80EBB /* Project object */;
}
